
Microsoft Visual Studio Solution File, Format Version 12.00
# Visual Studio Version 17
VisualStudioVersion = 17.14.36518.9 d17.14
MinimumVisualStudioVersion = 10.0.40219.1
Project("{FAE04EC0-301F-11D3-BF4B-00C04F79EFBC}") = "Gateway", "Gateway.csproj", "{12E00DFC-BF16-456C-B2DA-7B7FF8883233}"
EndProject
Global
	GlobalSection(SolutionConfigurationPlatforms) = preSolution
		Debug|Any CPU = Debug|Any CPU
		Release|Any CPU = Release|Any CPU
	EndGlobalSection
	GlobalSection(ProjectConfigurationPlatforms) = postSolution
		{12E00DFC-BF16-456C-B2DA-7B7FF8883233}.Debug|Any CPU.ActiveCfg = Debug|Any CPU
		{12E00DFC-BF16-456C-B2DA-7B7FF8883233}.Debug|Any CPU.Build.0 = Debug|Any CPU
		{12E00DFC-BF16-456C-B2DA-7B7FF8883233}.Release|Any CPU.ActiveCfg = Release|Any CPU
		{12E00DFC-BF16-456C-B2DA-7B7FF8883233}.Release|Any CPU.Build.0 = Release|Any CPU
	EndGlobalSection
	GlobalSection(SolutionProperties) = preSolution
		HideSolutionNode = FALSE
	EndGlobalSection
	GlobalSection(ExtensibilityGlobals) = postSolution
		SolutionGuid = {BD802071-BC59-4E50-BC6A-E78DE3DA09CE}
	EndGlobalSection
EndGlobal
