
Microsoft Visual Studio Solution File, Format Version 12.00
# Visual Studio Version 17
VisualStudioVersion = 17.14.36518.9 d17.14
MinimumVisualStudioVersion = 10.0.40219.1
Project("{FAE04EC0-301F-11D3-BF4B-00C04F79EFBC}") = "AuthGateway", "AuthGateway.csproj", "{A80D1CE2-5FD3-4263-AE7C-9B0DA3D7EF4B}"
EndProject
Global
	GlobalSection(SolutionConfigurationPlatforms) = preSolution
		Debug|Any CPU = Debug|Any CPU
		Release|Any CPU = Release|Any CPU
	EndGlobalSection
	GlobalSection(ProjectConfigurationPlatforms) = postSolution
		{A80D1CE2-5FD3-4263-AE7C-9B0DA3D7EF4B}.Debug|Any CPU.ActiveCfg = Debug|Any CPU
		{A80D1CE2-5FD3-4263-AE7C-9B0DA3D7EF4B}.Debug|Any CPU.Build.0 = Debug|Any CPU
		{A80D1CE2-5FD3-4263-AE7C-9B0DA3D7EF4B}.Release|Any CPU.ActiveCfg = Release|Any CPU
		{A80D1CE2-5FD3-4263-AE7C-9B0DA3D7EF4B}.Release|Any CPU.Build.0 = Release|Any CPU
	EndGlobalSection
	GlobalSection(SolutionProperties) = preSolution
		HideSolutionNode = FALSE
	EndGlobalSection
	GlobalSection(ExtensibilityGlobals) = postSolution
		SolutionGuid = {3A0069B1-6456-4E80-A30E-A2409A71A77D}
	EndGlobalSection
EndGlobal
